
Microsoft Visual Studio Solution File, Format Version 12.00
# Visual Studio Version 16
VisualStudioVersion = 16.0.30413.136
MinimumVisualStudioVersion = 10.0.40219.1
Project("{FAE04EC0-301F-11D3-BF4B-00C04F79EFBC}") = "NFL", "NFL\NFL.csproj", "{FE51113D-605F-411B-80A7-FBE7E6FE2C11}"
EndProject
Global
	GlobalSection(SolutionConfigurationPlatforms) = preSolution
		Debug|Any CPU = Debug|Any CPU
		Release|Any CPU = Release|Any CPU
	EndGlobalSection
	GlobalSection(ProjectConfigurationPlatforms) = postSolution
		{FE51113D-605F-411B-80A7-FBE7E6FE2C11}.Debug|Any CPU.ActiveCfg = Debug|Any CPU
		{FE51113D-605F-411B-80A7-FBE7E6FE2C11}.Debug|Any CPU.Build.0 = Debug|Any CPU
		{FE51113D-605F-411B-80A7-FBE7E6FE2C11}.Release|Any CPU.ActiveCfg = Release|Any CPU
		{FE51113D-605F-411B-80A7-FBE7E6FE2C11}.Release|Any CPU.Build.0 = Release|Any CPU
	EndGlobalSection
	GlobalSection(SolutionProperties) = preSolution
		HideSolutionNode = FALSE
	EndGlobalSection
	GlobalSection(ExtensibilityGlobals) = postSolution
		SolutionGuid = {3F6852C7-0F53-488B-B686-0B91216F4E92}
	EndGlobalSection
EndGlobal
